
Microsoft Visual Studio Solution File, Format Version 11.00
# Visual Studio 2010
Project("{FAE04EC0-301F-11D3-BF4B-00C04F79EFBC}") = "RPGBase", "RPGBase\RPGBase.csproj", "{C64639B4-6ECC-4A40-A6B5-A2143CF5A93A}"
EndProject
Global
	GlobalSection(SolutionConfigurationPlatforms) = preSolution
		Debug|Any CPU = Debug|Any CPU
		Release|Any CPU = Release|Any CPU
	EndGlobalSection
	GlobalSection(ProjectConfigurationPlatforms) = postSolution
		{C64639B4-6ECC-4A40-A6B5-A2143CF5A93A}.Debug|Any CPU.ActiveCfg = Debug|Any CPU
		{C64639B4-6ECC-4A40-A6B5-A2143CF5A93A}.Debug|Any CPU.Build.0 = Debug|Any CPU
		{C64639B4-6ECC-4A40-A6B5-A2143CF5A93A}.Release|Any CPU.ActiveCfg = Release|Any CPU
		{C64639B4-6ECC-4A40-A6B5-A2143CF5A93A}.Release|Any CPU.Build.0 = Release|Any CPU
	EndGlobalSection
	GlobalSection(SolutionProperties) = preSolution
		HideSolutionNode = FALSE
	EndGlobalSection
EndGlobal
